# This file is automatically @generated by Cargo.
# It is not intended for manual editing.
[[package]]
name = "cfg-if"
version = "0.1.7"
source = "registry+https://github.com/rust-lang/crates.io-index"

[[package]]
name = "eff"
version = "0.0.5"
dependencies = [
 "eff-attr 0.0.6 (registry+https://github.com/rust-lang/crates.io-index)",
 "log 0.4.6 (registry+https://github.com/rust-lang/crates.io-index)",
 "pin-utils 0.1.0-alpha.4 (registry+https://github.com/rust-lang/crates.io-index)",
 "proc-macro-hack 0.5.5 (registry+https://github.com/rust-lang/crates.io-index)",
 "rich-phantoms 0.1.0 (registry+https://github.com/rust-lang/crates.io-index)",
]

[[package]]
name = "eff-attr"
version = "0.0.6"
dependencies = [
 "proc-macro-hack 0.5.5 (registry+https://github.com/rust-lang/crates.io-index)",
 "proc-macro2 0.4.28 (registry+https://github.com/rust-lang/crates.io-index)",
 "quote 0.6.12 (registry+https://github.com/rust-lang/crates.io-index)",
 "syn 0.15.32 (registry+https://github.com/rust-lang/crates.io-index)",
]

[[package]]
name = "eff-attr"
version = "0.0.6"
source = "registry+https://github.com/rust-lang/crates.io-index"
dependencies = [
 "proc-macro-hack 0.5.5 (registry+https://github.com/rust-lang/crates.io-index)",
 "proc-macro2 0.4.28 (registry+https://github.com/rust-lang/crates.io-index)",
 "quote 0.6.12 (registry+https://github.com/rust-lang/crates.io-index)",
 "syn 0.15.32 (registry+https://github.com/rust-lang/crates.io-index)",
]

[[package]]
name = "log"
version = "0.4.6"
source = "registry+https://github.com/rust-lang/crates.io-index"
dependencies = [
 "cfg-if 0.1.7 (registry+https://github.com/rust-lang/crates.io-index)",
]

[[package]]
name = "pin-utils"
version = "0.1.0-alpha.4"
source = "registry+https://github.com/rust-lang/crates.io-index"

[[package]]
name = "proc-macro-hack"
version = "0.5.5"
source = "registry+https://github.com/rust-lang/crates.io-index"
dependencies = [
 "proc-macro2 0.4.28 (registry+https://github.com/rust-lang/crates.io-index)",
 "quote 0.6.12 (registry+https://github.com/rust-lang/crates.io-index)",
 "syn 0.15.32 (registry+https://github.com/rust-lang/crates.io-index)",
]

[[package]]
name = "proc-macro2"
version = "0.4.28"
source = "registry+https://github.com/rust-lang/crates.io-index"
dependencies = [
 "unicode-xid 0.1.0 (registry+https://github.com/rust-lang/crates.io-index)",
]

[[package]]
name = "quote"
version = "0.6.12"
source = "registry+https://github.com/rust-lang/crates.io-index"
dependencies = [
 "proc-macro2 0.4.28 (registry+https://github.com/rust-lang/crates.io-index)",
]

[[package]]
name = "rich-phantoms"
version = "0.1.0"
source = "registry+https://github.com/rust-lang/crates.io-index"

[[package]]
name = "syn"
version = "0.15.32"
source = "registry+https://github.com/rust-lang/crates.io-index"
dependencies = [
 "proc-macro2 0.4.28 (registry+https://github.com/rust-lang/crates.io-index)",
 "quote 0.6.12 (registry+https://github.com/rust-lang/crates.io-index)",
 "unicode-xid 0.1.0 (registry+https://github.com/rust-lang/crates.io-index)",
]

[[package]]
name = "unicode-xid"
version = "0.1.0"
source = "registry+https://github.com/rust-lang/crates.io-index"

[metadata]
"checksum cfg-if 0.1.7 (registry+https://github.com/rust-lang/crates.io-index)" = "11d43355396e872eefb45ce6342e4374ed7bc2b3a502d1b28e36d6e23c05d1f4"
"checksum eff-attr 0.0.6 (registry+https://github.com/rust-lang/crates.io-index)" = "fa3c235172c10a65e8411518a08b132ae62aab46a859632f328efa83a56f44d6"
"checksum log 0.4.6 (registry+https://github.com/rust-lang/crates.io-index)" = "c84ec4b527950aa83a329754b01dbe3f58361d1c5efacd1f6d68c494d08a17c6"
"checksum pin-utils 0.1.0-alpha.4 (registry+https://github.com/rust-lang/crates.io-index)" = "5894c618ce612a3fa23881b152b608bafb8c56cfc22f434a3ba3120b40f7b587"
"checksum proc-macro-hack 0.5.5 (registry+https://github.com/rust-lang/crates.io-index)" = "6a9bed9ebc40cf53e3a76d7486c54d05002eae6485b2711ab9104476fb2eb8bc"
"checksum proc-macro2 0.4.28 (registry+https://github.com/rust-lang/crates.io-index)" = "ba92c84f814b3f9a44c5cfca7d2ad77fa10710867d2bbb1b3d175ab5f47daa12"
"checksum quote 0.6.12 (registry+https://github.com/rust-lang/crates.io-index)" = "faf4799c5d274f3868a4aae320a0a182cbd2baee377b378f080e16a23e9d80db"
"checksum rich-phantoms 0.1.0 (registry+https://github.com/rust-lang/crates.io-index)" = "e57d6423edb16dba439ca95583445237bd63d292a05bec1d24408f896f1c55c1"
"checksum syn 0.15.32 (registry+https://github.com/rust-lang/crates.io-index)" = "846620ec526c1599c070eff393bfeeeb88a93afa2513fc3b49f1fea84cf7b0ed"
"checksum unicode-xid 0.1.0 (registry+https://github.com/rust-lang/crates.io-index)" = "fc72304796d0818e357ead4e000d19c9c174ab23dc11093ac919054d20a6a7fc"
